
Microsoft Visual Studio Solution File, Format Version 12.00
# Visual Studio Version 17
VisualStudioVersion = 17.5.33424.131
MinimumVisualStudioVersion = 10.0.40219.1
Project("{9A19103F-16F7-4668-BE54-9A1E7A4F7556}") = "FinalApp.Domain", "FinalApp.Domain\FinalApp.Domain.csproj", "{E74B43AC-8323-42FA-8278-112784A6177D}"
EndProject
Project("{9A19103F-16F7-4668-BE54-9A1E7A4F7556}") = "FinalApp.DAL", "FinalApp.DAL\FinalApp.DAL.csproj", "{189C2281-9D81-473D-A0A8-D663E447FB00}"
EndProject
Project("{2150E333-8FDC-42A3-9474-1A3956D46DE8}") = "API", "API", "{ACA92E6A-8B58-4508-BA7C-CB772EE0D421}"
EndProject
Project("{FAE04EC0-301F-11D3-BF4B-00C04F79EFBC}") = "FinalApp.ApiModels", "FinalApp.APIModels\FinalApp.ApiModels.csproj", "{45CDE7CC-4775-4375-A9CD-5694575ED4D3}"
EndProject
Project("{FAE04EC0-301F-11D3-BF4B-00C04F79EFBC}") = "FinalApp.API", "FinalApp.API\FinalApp.API.csproj", "{2DCF72CC-6787-4678-B9A7-1B896E3D27C9}"
EndProject
Project("{2150E333-8FDC-42A3-9474-1A3956D46DE8}") = "Data", "Data", "{6D89C7ED-731B-4D37-B675-ADFE02E7B9FE}"
EndProject
Project("{2150E333-8FDC-42A3-9474-1A3956D46DE8}") = "Helpers", "Helpers", "{3553A1E5-9BE7-4F1E-940E-BB96FE275E6B}"
EndProject
Project("{FAE04EC0-301F-11D3-BF4B-00C04F79EFBC}") = "FinallApp.ValidationHelper", "FinallApp.ValidationHelper\FinallApp.ValidationHelper.csproj", "{89F06C32-4BF0-4C0B-9364-E6553212D2D2}"
EndProject
Global
	GlobalSection(SolutionConfigurationPlatforms) = preSolution
		Debug|Any CPU = Debug|Any CPU
		Release|Any CPU = Release|Any CPU
	EndGlobalSection
	GlobalSection(ProjectConfigurationPlatforms) = postSolution
		{E74B43AC-8323-42FA-8278-112784A6177D}.Debug|Any CPU.ActiveCfg = Debug|Any CPU
		{E74B43AC-8323-42FA-8278-112784A6177D}.Debug|Any CPU.Build.0 = Debug|Any CPU
		{E74B43AC-8323-42FA-8278-112784A6177D}.Release|Any CPU.ActiveCfg = Release|Any CPU
		{E74B43AC-8323-42FA-8278-112784A6177D}.Release|Any CPU.Build.0 = Release|Any CPU
		{189C2281-9D81-473D-A0A8-D663E447FB00}.Debug|Any CPU.ActiveCfg = Debug|Any CPU
		{189C2281-9D81-473D-A0A8-D663E447FB00}.Debug|Any CPU.Build.0 = Debug|Any CPU
		{189C2281-9D81-473D-A0A8-D663E447FB00}.Release|Any CPU.ActiveCfg = Release|Any CPU
		{189C2281-9D81-473D-A0A8-D663E447FB00}.Release|Any CPU.Build.0 = Release|Any CPU
		{45CDE7CC-4775-4375-A9CD-5694575ED4D3}.Debug|Any CPU.ActiveCfg = Debug|Any CPU
		{45CDE7CC-4775-4375-A9CD-5694575ED4D3}.Debug|Any CPU.Build.0 = Debug|Any CPU
		{45CDE7CC-4775-4375-A9CD-5694575ED4D3}.Release|Any CPU.ActiveCfg = Release|Any CPU
		{45CDE7CC-4775-4375-A9CD-5694575ED4D3}.Release|Any CPU.Build.0 = Release|Any CPU
		{2DCF72CC-6787-4678-B9A7-1B896E3D27C9}.Debug|Any CPU.ActiveCfg = Debug|Any CPU
		{2DCF72CC-6787-4678-B9A7-1B896E3D27C9}.Debug|Any CPU.Build.0 = Debug|Any CPU
		{2DCF72CC-6787-4678-B9A7-1B896E3D27C9}.Release|Any CPU.ActiveCfg = Release|Any CPU
		{2DCF72CC-6787-4678-B9A7-1B896E3D27C9}.Release|Any CPU.Build.0 = Release|Any CPU
		{89F06C32-4BF0-4C0B-9364-E6553212D2D2}.Debug|Any CPU.ActiveCfg = Debug|Any CPU
		{89F06C32-4BF0-4C0B-9364-E6553212D2D2}.Debug|Any CPU.Build.0 = Debug|Any CPU
		{89F06C32-4BF0-4C0B-9364-E6553212D2D2}.Release|Any CPU.ActiveCfg = Release|Any CPU
		{89F06C32-4BF0-4C0B-9364-E6553212D2D2}.Release|Any CPU.Build.0 = Release|Any CPU
	EndGlobalSection
	GlobalSection(SolutionProperties) = preSolution
		HideSolutionNode = FALSE
	EndGlobalSection
	GlobalSection(NestedProjects) = preSolution
		{E74B43AC-8323-42FA-8278-112784A6177D} = {6D89C7ED-731B-4D37-B675-ADFE02E7B9FE}
		{189C2281-9D81-473D-A0A8-D663E447FB00} = {6D89C7ED-731B-4D37-B675-ADFE02E7B9FE}
		{45CDE7CC-4775-4375-A9CD-5694575ED4D3} = {ACA92E6A-8B58-4508-BA7C-CB772EE0D421}
		{2DCF72CC-6787-4678-B9A7-1B896E3D27C9} = {ACA92E6A-8B58-4508-BA7C-CB772EE0D421}
		{89F06C32-4BF0-4C0B-9364-E6553212D2D2} = {3553A1E5-9BE7-4F1E-940E-BB96FE275E6B}
	EndGlobalSection
	GlobalSection(ExtensibilityGlobals) = postSolution
		SolutionGuid = {62C091DB-B54F-4990-9E6F-8CB6AEC38412}
	EndGlobalSection
EndGlobal
